
Microsoft Visual Studio Solution File, Format Version 12.00
# Visual Studio 15
Project("{FAE04EC0-301F-11D3-BF4B-00C04F79EFBC}") = "Model", "Model\Model.csproj", "{8DDB7CDA-A6B1-40C7-9D65-3744D0E6236B}"
EndProject
Project("{FAE04EC0-301F-11D3-BF4B-00C04F79EFBC}") = "Data", "Data\Data.csproj", "{2D6848DD-9E2D-4D55-9D11-0C6515A7C7EF}"
EndProject
Project("{FAE04EC0-301F-11D3-BF4B-00C04F79EFBC}") = "Service", "Service\Service.csproj", "{EDDD6870-62BE-4F0D-BCAF-EC0DE3FC310A}"
EndProject
Project("{FAE04EC0-301F-11D3-BF4B-00C04F79EFBC}") = "MicroService", "MicroService\MicroService.csproj", "{5575ACD4-DE1B-4AF3-B2F4-F5014C5F598D}"
EndProject
Global
	GlobalSection(SolutionConfigurationPlatforms) = preSolution
		Debug|Any CPU = Debug|Any CPU
		Release|Any CPU = Release|Any CPU
	EndGlobalSection
	GlobalSection(ProjectConfigurationPlatforms) = postSolution
		{8DDB7CDA-A6B1-40C7-9D65-3744D0E6236B}.Debug|Any CPU.ActiveCfg = Debug|Any CPU
		{8DDB7CDA-A6B1-40C7-9D65-3744D0E6236B}.Debug|Any CPU.Build.0 = Debug|Any CPU
		{8DDB7CDA-A6B1-40C7-9D65-3744D0E6236B}.Release|Any CPU.ActiveCfg = Release|Any CPU
		{8DDB7CDA-A6B1-40C7-9D65-3744D0E6236B}.Release|Any CPU.Build.0 = Release|Any CPU
		{2D6848DD-9E2D-4D55-9D11-0C6515A7C7EF}.Debug|Any CPU.ActiveCfg = Debug|Any CPU
		{2D6848DD-9E2D-4D55-9D11-0C6515A7C7EF}.Debug|Any CPU.Build.0 = Debug|Any CPU
		{2D6848DD-9E2D-4D55-9D11-0C6515A7C7EF}.Release|Any CPU.ActiveCfg = Release|Any CPU
		{2D6848DD-9E2D-4D55-9D11-0C6515A7C7EF}.Release|Any CPU.Build.0 = Release|Any CPU
		{EDDD6870-62BE-4F0D-BCAF-EC0DE3FC310A}.Debug|Any CPU.ActiveCfg = Debug|Any CPU
		{EDDD6870-62BE-4F0D-BCAF-EC0DE3FC310A}.Debug|Any CPU.Build.0 = Debug|Any CPU
		{EDDD6870-62BE-4F0D-BCAF-EC0DE3FC310A}.Release|Any CPU.ActiveCfg = Release|Any CPU
		{EDDD6870-62BE-4F0D-BCAF-EC0DE3FC310A}.Release|Any CPU.Build.0 = Release|Any CPU
		{5575ACD4-DE1B-4AF3-B2F4-F5014C5F598D}.Debug|Any CPU.ActiveCfg = Debug|Any CPU
		{5575ACD4-DE1B-4AF3-B2F4-F5014C5F598D}.Debug|Any CPU.Build.0 = Debug|Any CPU
		{5575ACD4-DE1B-4AF3-B2F4-F5014C5F598D}.Release|Any CPU.ActiveCfg = Release|Any CPU
		{5575ACD4-DE1B-4AF3-B2F4-F5014C5F598D}.Release|Any CPU.Build.0 = Release|Any CPU
	EndGlobalSection
EndGlobal
